
Microsoft Visual Studio Solution File, Format Version 12.00
# Visual Studio Version 17
VisualStudioVersion = 17.5.002.0
MinimumVisualStudioVersion = 10.0.40219.1
Project("{9A19103F-16F7-4668-BE54-9A1E7A4F7556}") = "MyBlog.WebUI", "MyBlog.WebUI.csproj", "{1DF7426C-67A8-425E-8E23-0881671A1DCB}"
EndProject
Global
	GlobalSection(SolutionConfigurationPlatforms) = preSolution
		Debug|Any CPU = Debug|Any CPU
		Release|Any CPU = Release|Any CPU
	EndGlobalSection
	GlobalSection(ProjectConfigurationPlatforms) = postSolution
		{1DF7426C-67A8-425E-8E23-0881671A1DCB}.Debug|Any CPU.ActiveCfg = Debug|Any CPU
		{1DF7426C-67A8-425E-8E23-0881671A1DCB}.Debug|Any CPU.Build.0 = Debug|Any CPU
		{1DF7426C-67A8-425E-8E23-0881671A1DCB}.Release|Any CPU.ActiveCfg = Release|Any CPU
		{1DF7426C-67A8-425E-8E23-0881671A1DCB}.Release|Any CPU.Build.0 = Release|Any CPU
	EndGlobalSection
	GlobalSection(SolutionProperties) = preSolution
		HideSolutionNode = FALSE
	EndGlobalSection
	GlobalSection(ExtensibilityGlobals) = postSolution
		SolutionGuid = {8EDB8E62-20C2-41AF-90A6-654973B33411}
	EndGlobalSection
EndGlobal
