
Microsoft Visual Studio Solution File, Format Version 12.00
# Visual Studio Version 17
VisualStudioVersion = 17.6.33829.357
MinimumVisualStudioVersion = 10.0.40219.1
Project("{FAE04EC0-301F-11D3-BF4B-00C04F79EFBC}") = "MyBlog.WebUI", "MyBlog.WebUI\MyBlog.WebUI.csproj", "{C2EDE6C2-7845-451E-A47B-9CB1DADC8B56}"
EndProject
Global
	GlobalSection(SolutionConfigurationPlatforms) = preSolution
		Debug|Any CPU = Debug|Any CPU
		Release|Any CPU = Release|Any CPU
	EndGlobalSection
	GlobalSection(ProjectConfigurationPlatforms) = postSolution
		{C2EDE6C2-7845-451E-A47B-9CB1DADC8B56}.Debug|Any CPU.ActiveCfg = Debug|Any CPU
		{C2EDE6C2-7845-451E-A47B-9CB1DADC8B56}.Debug|Any CPU.Build.0 = Debug|Any CPU
		{C2EDE6C2-7845-451E-A47B-9CB1DADC8B56}.Release|Any CPU.ActiveCfg = Release|Any CPU
		{C2EDE6C2-7845-451E-A47B-9CB1DADC8B56}.Release|Any CPU.Build.0 = Release|Any CPU
	EndGlobalSection
	GlobalSection(SolutionProperties) = preSolution
		HideSolutionNode = FALSE
	EndGlobalSection
	GlobalSection(ExtensibilityGlobals) = postSolution
		SolutionGuid = {700CB4BB-1146-4FC4-966F-040E074473F9}
	EndGlobalSection
EndGlobal
